{
  "name": "justro",
  "version": "1.0.0",
  "lockfileVersion": 1,
  "requires": true,
  "dependencies": {
    "shabnam-font": {
      "version": "5.0.0",
      "resolved": "https://registry.npmjs.org/shabnam-font/-/shabnam-font-5.0.0.tgz",
      "integrity": "sha512-ngRcvlyoq7Ka42uXmy+YjKQBaspOZSRBvGbN6mKeBM2oBj7DgdAWVvxHetvZPyxHS4fsD91Wap5uccg1MwquCQ=="
    }
  }
}
